
Microsoft Visual Studio Solution File, Format Version 12.00
# Visual Studio Version 16
VisualStudioVersion = 16.0.30711.63
MinimumVisualStudioVersion = 10.0.40219.1
Project("{9A19103F-16F7-4668-BE54-9A1E7A4F7556}") = "ScuffedAuth", "ScuffedAuth\ScuffedAuth.csproj", "{7CB0D138-6210-4820-B871-BDCD66CFF680}"
EndProject
Project("{E53339B2-1760-4266-BCC7-CA923CBCF16C}") = "docker-compose", "docker-compose.dcproj", "{061C166C-485F-4FD7-A890-F308CE993CE1}"
EndProject
Project("{9A19103F-16F7-4668-BE54-9A1E7A4F7556}") = "Authentication", "Authentication\Authentication.csproj", "{320A7190-C29B-4889-A40C-85421BAC79E7}"
EndProject
Project("{9A19103F-16F7-4668-BE54-9A1E7A4F7556}") = "Authorization", "Authorization\Authorization.csproj", "{597902A5-30EE-4D15-8F31-8332DDC6FAE2}"
EndProject
Project("{9A19103F-16F7-4668-BE54-9A1E7A4F7556}") = "Authentication.Tests", "Authentication.Tests\Authentication.Tests.csproj", "{1F74453B-1115-4754-A29C-C24902A82894}"
EndProject
Project("{9A19103F-16F7-4668-BE54-9A1E7A4F7556}") = "Authorization.Tests", "Authorization.Tests\Authorization.Tests.csproj", "{135C8448-1DEA-4505-B297-61C08A45AEAD}"
EndProject
Project("{9A19103F-16F7-4668-BE54-9A1E7A4F7556}") = "Identity.DAL", "Identity.DAL\Identity.DAL.csproj", "{71C17A93-6EE8-4C84-B360-4109311D5DE2}"
EndProject
Project("{9A19103F-16F7-4668-BE54-9A1E7A4F7556}") = "BaseLibrary", "BaseLibrary\BaseLibrary.csproj", "{15E53097-6C34-4C9A-9C49-3E430654741A}"
EndProject
Global
	GlobalSection(SolutionConfigurationPlatforms) = preSolution
		Debug|Any CPU = Debug|Any CPU
		Release|Any CPU = Release|Any CPU
	EndGlobalSection
	GlobalSection(ProjectConfigurationPlatforms) = postSolution
		{7CB0D138-6210-4820-B871-BDCD66CFF680}.Debug|Any CPU.ActiveCfg = Debug|Any CPU
		{7CB0D138-6210-4820-B871-BDCD66CFF680}.Debug|Any CPU.Build.0 = Debug|Any CPU
		{7CB0D138-6210-4820-B871-BDCD66CFF680}.Release|Any CPU.ActiveCfg = Release|Any CPU
		{7CB0D138-6210-4820-B871-BDCD66CFF680}.Release|Any CPU.Build.0 = Release|Any CPU
		{061C166C-485F-4FD7-A890-F308CE993CE1}.Debug|Any CPU.ActiveCfg = Debug|Any CPU
		{061C166C-485F-4FD7-A890-F308CE993CE1}.Debug|Any CPU.Build.0 = Debug|Any CPU
		{061C166C-485F-4FD7-A890-F308CE993CE1}.Release|Any CPU.ActiveCfg = Release|Any CPU
		{061C166C-485F-4FD7-A890-F308CE993CE1}.Release|Any CPU.Build.0 = Release|Any CPU
		{320A7190-C29B-4889-A40C-85421BAC79E7}.Debug|Any CPU.ActiveCfg = Debug|Any CPU
		{320A7190-C29B-4889-A40C-85421BAC79E7}.Debug|Any CPU.Build.0 = Debug|Any CPU
		{320A7190-C29B-4889-A40C-85421BAC79E7}.Release|Any CPU.ActiveCfg = Release|Any CPU
		{320A7190-C29B-4889-A40C-85421BAC79E7}.Release|Any CPU.Build.0 = Release|Any CPU
		{597902A5-30EE-4D15-8F31-8332DDC6FAE2}.Debug|Any CPU.ActiveCfg = Debug|Any CPU
		{597902A5-30EE-4D15-8F31-8332DDC6FAE2}.Debug|Any CPU.Build.0 = Debug|Any CPU
		{597902A5-30EE-4D15-8F31-8332DDC6FAE2}.Release|Any CPU.ActiveCfg = Release|Any CPU
		{597902A5-30EE-4D15-8F31-8332DDC6FAE2}.Release|Any CPU.Build.0 = Release|Any CPU
		{1F74453B-1115-4754-A29C-C24902A82894}.Debug|Any CPU.ActiveCfg = Debug|Any CPU
		{1F74453B-1115-4754-A29C-C24902A82894}.Debug|Any CPU.Build.0 = Debug|Any CPU
		{1F74453B-1115-4754-A29C-C24902A82894}.Release|Any CPU.ActiveCfg = Release|Any CPU
		{1F74453B-1115-4754-A29C-C24902A82894}.Release|Any CPU.Build.0 = Release|Any CPU
		{135C8448-1DEA-4505-B297-61C08A45AEAD}.Debug|Any CPU.ActiveCfg = Debug|Any CPU
		{135C8448-1DEA-4505-B297-61C08A45AEAD}.Debug|Any CPU.Build.0 = Debug|Any CPU
		{135C8448-1DEA-4505-B297-61C08A45AEAD}.Release|Any CPU.ActiveCfg = Release|Any CPU
		{135C8448-1DEA-4505-B297-61C08A45AEAD}.Release|Any CPU.Build.0 = Release|Any CPU
		{71C17A93-6EE8-4C84-B360-4109311D5DE2}.Debug|Any CPU.ActiveCfg = Debug|Any CPU
		{71C17A93-6EE8-4C84-B360-4109311D5DE2}.Debug|Any CPU.Build.0 = Debug|Any CPU
		{71C17A93-6EE8-4C84-B360-4109311D5DE2}.Release|Any CPU.ActiveCfg = Release|Any CPU
		{71C17A93-6EE8-4C84-B360-4109311D5DE2}.Release|Any CPU.Build.0 = Release|Any CPU
		{15E53097-6C34-4C9A-9C49-3E430654741A}.Debug|Any CPU.ActiveCfg = Debug|Any CPU
		{15E53097-6C34-4C9A-9C49-3E430654741A}.Debug|Any CPU.Build.0 = Debug|Any CPU
		{15E53097-6C34-4C9A-9C49-3E430654741A}.Release|Any CPU.ActiveCfg = Release|Any CPU
		{15E53097-6C34-4C9A-9C49-3E430654741A}.Release|Any CPU.Build.0 = Release|Any CPU
	EndGlobalSection
	GlobalSection(SolutionProperties) = preSolution
		HideSolutionNode = FALSE
	EndGlobalSection
	GlobalSection(ExtensibilityGlobals) = postSolution
		SolutionGuid = {DF084C21-186B-4C24-87E3-D252AE09FB74}
	EndGlobalSection
EndGlobal
